{
  "name": "amanahacademia",
  "lockfileVersion": 3,
  "requires": true,
  "packages": {
    "": {
      "dependencies": {
        "@hiseb/confetti": "^2.1.0"
      }
    },
    "node_modules/@hiseb/confetti": {
      "version": "2.1.0",
      "resolved": "https://registry.npmjs.org/@hiseb/confetti/-/confetti-2.1.0.tgz",
      "integrity": "sha512-yPalKd34NfmEsUTXj3ZrlNtj1J21WgoocDs8+92W/Quzl2j5ECuxX5L0jQp16tgvp+uIYdeNAmizP1WPyt5hfQ==",
      "license": "ISC"
    }
  }
}
